
Microsoft Visual Studio Solution File, Format Version 12.00
# Visual Studio Version 17
VisualStudioVersion = 17.11.35222.181
MinimumVisualStudioVersion = 10.0.40219.1
Project("{FAE04EC0-301F-11D3-BF4B-00C04F79EFBC}") = "CNPM-QLTV", "CNPM-QLTV.csproj", "{973A6294-0ABB-41EB-83FC-67EE20E487CD}"
EndProject
Global
	GlobalSection(SolutionConfigurationPlatforms) = preSolution
		Debug|Any CPU = Debug|Any CPU
		Release|Any CPU = Release|Any CPU
	EndGlobalSection
	GlobalSection(ProjectConfigurationPlatforms) = postSolution
		{973A6294-0ABB-41EB-83FC-67EE20E487CD}.Debug|Any CPU.ActiveCfg = Debug|Any CPU
		{973A6294-0ABB-41EB-83FC-67EE20E487CD}.Debug|Any CPU.Build.0 = Debug|Any CPU
		{973A6294-0ABB-41EB-83FC-67EE20E487CD}.Release|Any CPU.ActiveCfg = Release|Any CPU
		{973A6294-0ABB-41EB-83FC-67EE20E487CD}.Release|Any CPU.Build.0 = Release|Any CPU
	EndGlobalSection
	GlobalSection(SolutionProperties) = preSolution
		HideSolutionNode = FALSE
	EndGlobalSection
	GlobalSection(ExtensibilityGlobals) = postSolution
		SolutionGuid = {C91FC85F-9F94-4611-9561-35F4898EFB41}
	EndGlobalSection
EndGlobal
